
Microsoft Visual Studio Solution File, Format Version 11.00
# Visual Studio 2010
Project("{FAE04EC0-301F-11D3-BF4B-00C04F79EFBC}") = "Tigraine.Logging", "Tigraine.Logging\Tigraine.Logging.csproj", "{2544EA04-BBE8-4424-A90A-514F42533460}"
EndProject
Project("{FAE04EC0-301F-11D3-BF4B-00C04F79EFBC}") = "Tigraine.Logging.Tests", "Tigraine.Logging.Tests\Tigraine.Logging.Tests.csproj", "{53DF14C0-64F7-4CC7-BCA9-2C1973BF2230}"
EndProject
Global
	GlobalSection(SolutionConfigurationPlatforms) = preSolution
		Debug|Any CPU = Debug|Any CPU
		Release|Any CPU = Release|Any CPU
	EndGlobalSection
	GlobalSection(ProjectConfigurationPlatforms) = postSolution
		{2544EA04-BBE8-4424-A90A-514F42533460}.Debug|Any CPU.ActiveCfg = Debug|Any CPU
		{2544EA04-BBE8-4424-A90A-514F42533460}.Debug|Any CPU.Build.0 = Debug|Any CPU
		{2544EA04-BBE8-4424-A90A-514F42533460}.Release|Any CPU.ActiveCfg = Release|Any CPU
		{2544EA04-BBE8-4424-A90A-514F42533460}.Release|Any CPU.Build.0 = Release|Any CPU
		{53DF14C0-64F7-4CC7-BCA9-2C1973BF2230}.Debug|Any CPU.ActiveCfg = Debug|Any CPU
		{53DF14C0-64F7-4CC7-BCA9-2C1973BF2230}.Debug|Any CPU.Build.0 = Debug|Any CPU
		{53DF14C0-64F7-4CC7-BCA9-2C1973BF2230}.Release|Any CPU.ActiveCfg = Release|Any CPU
		{53DF14C0-64F7-4CC7-BCA9-2C1973BF2230}.Release|Any CPU.Build.0 = Release|Any CPU
	EndGlobalSection
	GlobalSection(SolutionProperties) = preSolution
		HideSolutionNode = FALSE
	EndGlobalSection
EndGlobal
